// !$*UTF8*$!
{
	archiveVersion = 1;
	classes = {
	};
	objectVersion = 48;
	objects = {

/* Begin PBXBuildFile section */
		A5A3454420896B8D00E90911 /* AppDelegate.swift in Sources */ = {isa = PBXBuildFile; fileRef = A5A3454320896B8D00E90911 /* AppDelegate.swift */; };
		A5A3454620896B8D00E90911 /* ViewController.swift in Sources */ = {isa = PBXBuildFile; fileRef = A5A3454520896B8D00E90911 /* ViewController.swift */; };
		A5A3454820896B8D00E90911 /* Assets.xcassets in Resources */ = {isa = PBXBuildFile; fileRef = A5A3454720896B8D00E90911 /* Assets.xcassets */; };
		A5A3454B20896B8D00E90911 /* Main.storyboard in Resources */ = {isa = PBXBuildFile; fileRef = A5A3454920896B8D00E90911 /* Main.storyboard */; };
		A5A3455720896B8D00E90911 /* KnightTests.swift in Sources */ = {isa = PBXBuildFile; fileRef = A5A3455620896B8D00E90911 /* KnightTests.swift */; };
		A5A3456220896B8D00E90911 /* KnightUITests.swift in Sources */ = {isa = PBXBuildFile; fileRef = A5A3456120896B8D00E90911 /* KnightUITests.swift */; };
		A5A345702089746100E90911 /* MainWindowController.swift in Sources */ = {isa = PBXBuildFile; fileRef = A5A3456F2089746100E90911 /* MainWindowController.swift */; };
		A5A345732089E41500E90911 /* MainWindow.swift in Sources */ = {isa = PBXBuildFile; fileRef = A5A345712089E41500E90911 /* MainWindow.swift */; };
		A5A345742089E41500E90911 /* MainWindow.xib in Resources */ = {isa = PBXBuildFile; fileRef = A5A345722089E41500E90911 /* MainWindow.xib */; };
		C5D3E883C0BF5018B30D6801 /* Pods_Knight.framework in Frameworks */ = {isa = PBXBuildFile; fileRef = 9158DC9BCB2AF6C82E3B81E2 /* Pods_Knight.framework */; };
/* End PBXBuildFile section */

/* Begin PBXContainerItemProxy section */
		A5A3455320896B8D00E90911 /* PBXContainerItemProxy */ = {
			isa = PBXContainerItemProxy;
			containerPortal = A5A3453820896B8D00E90911 /* Project object */;
			proxyType = 1;
			remoteGlobalIDString = A5A3453F20896B8D00E90911;
			remoteInfo = Knight;
		};
		A5A3455E20896B8D00E90911 /* PBXContainerItemProxy */ = {
			isa = PBXContainerItemProxy;
			containerPortal = A5A3453820896B8D00E90911 /* Project object */;
			proxyType = 1;
			remoteGlobalIDString = A5A3453F20896B8D00E90911;
			remoteInfo = Knight;
		};
/* End PBXContainerItemProxy section */

/* Begin PBXFileReference section */
		9158DC9BCB2AF6C82E3B81E2 /* Pods_Knight.framework */ = {isa = PBXFileReference; explicitFileType = wrapper.framework; includeInIndex = 0; path = Pods_Knight.framework; sourceTree = BUILT_PRODUCTS_DIR; };
		97DCFEDFA34AE5BFFBA1CBBF /* Pods-Knight.debug.xcconfig */ = {isa = PBXFileReference; includeInIndex = 1; lastKnownFileType = text.xcconfig; name = "Pods-Knight.debug.xcconfig"; path = "Pods/Target Support Files/Pods-Knight/Pods-Knight.debug.xcconfig"; sourceTree = "<group>"; };
		A5A3454020896B8D00E90911 /* Knight.app */ = {isa = PBXFileReference; explicitFileType = wrapper.application; includeInIndex = 0; path = Knight.app; sourceTree = BUILT_PRODUCTS_DIR; };
		A5A3454320896B8D00E90911 /* AppDelegate.swift */ = {isa = PBXFileReference; lastKnownFileType = sourcecode.swift; path = AppDelegate.swift; sourceTree = "<group>"; };
		A5A3454520896B8D00E90911 /* ViewController.swift */ = {isa = PBXFileReference; lastKnownFileType = sourcecode.swift; path = ViewController.swift; sourceTree = "<group>"; };
		A5A3454720896B8D00E90911 /* Assets.xcassets */ = {isa = PBXFileReference; lastKnownFileType = folder.assetcatalog; path = Assets.xcassets; sourceTree = "<group>"; };
		A5A3454A20896B8D00E90911 /* Base */ = {isa = PBXFileReference; lastKnownFileType = file.storyboard; name = Base; path = Base.lproj/Main.storyboard; sourceTree = "<group>"; };
		A5A3454C20896B8D00E90911 /* Info.plist */ = {isa = PBXFileReference; lastKnownFileType = text.plist.xml; path = Info.plist; sourceTree = "<group>"; };
		A5A3454D20896B8D00E90911 /* Knight.entitlements */ = {isa = PBXFileReference; lastKnownFileType = text.plist.entitlements; path = Knight.entitlements; sourceTree = "<group>"; };
		A5A3455220896B8D00E90911 /* KnightTests.xctest */ = {isa = PBXFileReference; explicitFileType = wrapper.cfbundle; includeInIndex = 0; path = KnightTests.xctest; sourceTree = BUILT_PRODUCTS_DIR; };
		A5A3455620896B8D00E90911 /* KnightTests.swift */ = {isa = PBXFileReference; lastKnownFileType = sourcecode.swift; path = KnightTests.swift; sourceTree = "<group>"; };
		A5A3455820896B8D00E90911 /* Info.plist */ = {isa = PBXFileReference; lastKnownFileType = text.plist.xml; path = Info.plist; sourceTree = "<group>"; };
		A5A3455D20896B8D00E90911 /* KnightUITests.xctest */ = {isa = PBXFileReference; explicitFileType = wrapper.cfbundle; includeInIndex = 0; path = KnightUITests.xctest; sourceTree = BUILT_PRODUCTS_DIR; };
		A5A3456120896B8D00E90911 /* KnightUITests.swift */ = {isa = PBXFileReference; lastKnownFileType = sourcecode.swift; path = KnightUITests.swift; sourceTree = "<group>"; };
		A5A3456320896B8D00E90911 /* Info.plist */ = {isa = PBXFileReference; lastKnownFileType = text.plist.xml; path = Info.plist; sourceTree = "<group>"; };
		A5A3456F2089746100E90911 /* MainWindowController.swift */ = {isa = PBXFileReference; lastKnownFileType = sourcecode.swift; path = MainWindowController.swift; sourceTree = "<group>"; };
		A5A345712089E41500E90911 /* MainWindow.swift */ = {isa = PBXFileReference; lastKnownFileType = sourcecode.swift; path = MainWindow.swift; sourceTree = "<group>"; };
		A5A345722089E41500E90911 /* MainWindow.xib */ = {isa = PBXFileReference; lastKnownFileType = file.xib; path = MainWindow.xib; sourceTree = "<group>"; };
		D0E333CA7793C8C2CDD3CAFC /* Pods-Knight.release.xcconfig */ = {isa = PBXFileReference; includeInIndex = 1; lastKnownFileType = text.xcconfig; name = "Pods-Knight.release.xcconfig"; path = "Pods/Target Support Files/Pods-Knight/Pods-Knight.release.xcconfig"; sourceTree = "<group>"; };
/* End PBXFileReference section */

/* Begin PBXFrameworksBuildPhase section */
		A5A3453D20896B8D00E90911 /* Frameworks */ = {
			isa = PBXFrameworksBuildPhase;
			buildActionMask = 2147483647;
			files = (
				C5D3E883C0BF5018B30D6801 /* Pods_Knight.framework in Frameworks */,
			);
			runOnlyForDeploymentPostprocessing = 0;
		};
		A5A3454F20896B8D00E90911 /* Frameworks */ = {
			isa = PBXFrameworksBuildPhase;
			buildActionMask = 2147483647;
			files = (
			);
			runOnlyForDeploymentPostprocessing = 0;
		};
		A5A3455A20896B8D00E90911 /* Frameworks */ = {
			isa = PBXFrameworksBuildPhase;
			buildActionMask = 2147483647;
			files = (
			);
			runOnlyForDeploymentPostprocessing = 0;
		};
/* End PBXFrameworksBuildPhase section */

/* Begin PBXGroup section */
		19EEB953E26C9BDAFE15EBD2 /* Frameworks */ = {
			isa = PBXGroup;
			children = (
				9158DC9BCB2AF6C82E3B81E2 /* Pods_Knight.framework */,
			);
			name = Frameworks;
			sourceTree = "<group>";
		};
		92D601606BFFDCAF297DA6FB /* Pods */ = {
			isa = PBXGroup;
			children = (
				97DCFEDFA34AE5BFFBA1CBBF /* Pods-Knight.debug.xcconfig */,
				D0E333CA7793C8C2CDD3CAFC /* Pods-Knight.release.xcconfig */,
			);
			name = Pods;
			sourceTree = "<group>";
		};
		A5A3453720896B8D00E90911 = {
			isa = PBXGroup;
			children = (
				A5A3454220896B8D00E90911 /* Knight */,
				A5A3455520896B8D00E90911 /* KnightTests */,
				A5A3456020896B8D00E90911 /* KnightUITests */,
				A5A3454120896B8D00E90911 /* Products */,
				92D601606BFFDCAF297DA6FB /* Pods */,
				19EEB953E26C9BDAFE15EBD2 /* Frameworks */,
			);
			sourceTree = "<group>";
		};
		A5A3454120896B8D00E90911 /* Products */ = {
			isa = PBXGroup;
			children = (
				A5A3454020896B8D00E90911 /* Knight.app */,
				A5A3455220896B8D00E90911 /* KnightTests.xctest */,
				A5A3455D20896B8D00E90911 /* KnightUITests.xctest */,
			);
			name = Products;
			sourceTree = "<group>";
		};
		A5A3454220896B8D00E90911 /* Knight */ = {
			isa = PBXGroup;
			children = (
				A5A3454320896B8D00E90911 /* AppDelegate.swift */,
				A5A3454520896B8D00E90911 /* ViewController.swift */,
				A5A3454720896B8D00E90911 /* Assets.xcassets */,
				A5A3454920896B8D00E90911 /* Main.storyboard */,
				A5A3454C20896B8D00E90911 /* Info.plist */,
				A5A3454D20896B8D00E90911 /* Knight.entitlements */,
				A5A3456F2089746100E90911 /* MainWindowController.swift */,
				A5A345712089E41500E90911 /* MainWindow.swift */,
				A5A345722089E41500E90911 /* MainWindow.xib */,
			);
			path = Knight;
			sourceTree = "<group>";
		};
		A5A3455520896B8D00E90911 /* KnightTests */ = {
			isa = PBXGroup;
			children = (
				A5A3455620896B8D00E90911 /* KnightTests.swift */,
				A5A3455820896B8D00E90911 /* Info.plist */,
			);
			path = KnightTests;
			sourceTree = "<group>";
		};
		A5A3456020896B8D00E90911 /* KnightUITests */ = {
			isa = PBXGroup;
			children = (
				A5A3456120896B8D00E90911 /* KnightUITests.swift */,
				A5A3456320896B8D00E90911 /* Info.plist */,
			);
			path = KnightUITests;
			sourceTree = "<group>";
		};
/* End PBXGroup section */

/* Begin PBXNativeTarget section */
		A5A3453F20896B8D00E90911 /* Knight */ = {
			isa = PBXNativeTarget;
			buildConfigurationList = A5A3456620896B8D00E90911 /* Build configuration list for PBXNativeTarget "Knight" */;
			buildPhases = (
				1B3C29B2B26CC12F79D82E84 /* [CP] Check Pods Manifest.lock */,
				A5A3453C20896B8D00E90911 /* Sources */,
				A5A3453D20896B8D00E90911 /* Frameworks */,
				A5A3453E20896B8D00E90911 /* Resources */,
				30B9B75AA4C162C20B57DFBA /* [CP] Embed Pods Frameworks */,
			);
			buildRules = (
			);
			dependencies = (
			);
			name = Knight;
			productName = Knight;
			productReference = A5A3454020896B8D00E90911 /* Knight.app */;
			productType = "com.apple.product-type.application";
		};
		A5A3455120896B8D00E90911 /* KnightTests */ = {
			isa = PBXNativeTarget;
			buildConfigurationList = A5A3456920896B8D00E90911 /* Build configuration list for PBXNativeTarget "KnightTests" */;
			buildPhases = (
				A5A3454E20896B8D00E90911 /* Sources */,
				A5A3454F20896B8D00E90911 /* Frameworks */,
				A5A3455020896B8D00E90911 /* Resources */,
			);
			buildRules = (
			);
			dependencies = (
				A5A3455420896B8D00E90911 /* PBXTargetDependency */,
			);
			name = KnightTests;
			productName = KnightTests;
			productReference = A5A3455220896B8D00E90911 /* KnightTests.xctest */;
			productType = "com.apple.product-type.bundle.unit-test";
		};
		A5A3455C20896B8D00E90911 /* KnightUITests */ = {
			isa = PBXNativeTarget;
			buildConfigurationList = A5A3456C20896B8D00E90911 /* Build configuration list for PBXNativeTarget "KnightUITests" */;
			buildPhases = (
				A5A3455920896B8D00E90911 /* Sources */,
				A5A3455A20896B8D00E90911 /* Frameworks */,
				A5A3455B20896B8D00E90911 /* Resources */,
			);
			buildRules = (
			);
			dependencies = (
				A5A3455F20896B8D00E90911 /* PBXTargetDependency */,
			);
			name = KnightUITests;
			productName = KnightUITests;
			productReference = A5A3455D20896B8D00E90911 /* KnightUITests.xctest */;
			productType = "com.apple.product-type.bundle.ui-testing";
		};
/* End PBXNativeTarget section */

/* Begin PBXProject section */
		A5A3453820896B8D00E90911 /* Project object */ = {
			isa = PBXProject;
			attributes = {
				LastSwiftUpdateCheck = 0920;
				LastUpgradeCheck = 0920;
				ORGANIZATIONNAME = "Alvin Wan";
				TargetAttributes = {
					A5A3453F20896B8D00E90911 = {
						CreatedOnToolsVersion = 9.2;
						ProvisioningStyle = Automatic;
					};
					A5A3455120896B8D00E90911 = {
						CreatedOnToolsVersion = 9.2;
						ProvisioningStyle = Automatic;
						TestTargetID = A5A3453F20896B8D00E90911;
					};
					A5A3455C20896B8D00E90911 = {
						CreatedOnToolsVersion = 9.2;
						ProvisioningStyle = Automatic;
						TestTargetID = A5A3453F20896B8D00E90911;
					};
				};
			};
			buildConfigurationList = A5A3453B20896B8D00E90911 /* Build configuration list for PBXProject "Knight" */;
			compatibilityVersion = "Xcode 8.0";
			developmentRegion = en;
			hasScannedForEncodings = 0;
			knownRegions = (
				en,
				Base,
			);
			mainGroup = A5A3453720896B8D00E90911;
			productRefGroup = A5A3454120896B8D00E90911 /* Products */;
			projectDirPath = "";
			projectRoot = "";
			targets = (
				A5A3453F20896B8D00E90911 /* Knight */,
				A5A3455120896B8D00E90911 /* KnightTests */,
				A5A3455C20896B8D00E90911 /* KnightUITests */,
			);
		};
/* End PBXProject section */

/* Begin PBXResourcesBuildPhase section */
		A5A3453E20896B8D00E90911 /* Resources */ = {
			isa = PBXResourcesBuildPhase;
			buildActionMask = 2147483647;
			files = (
				A5A3454820896B8D00E90911 /* Assets.xcassets in Resources */,
				A5A3454B20896B8D00E90911 /* Main.storyboard in Resources */,
				A5A345742089E41500E90911 /* MainWindow.xib in Resources */,
			);
			runOnlyForDeploymentPostprocessing = 0;
		};
		A5A3455020896B8D00E90911 /* Resources */ = {
			isa = PBXResourcesBuildPhase;
			buildActionMask = 2147483647;
			files = (
			);
			runOnlyForDeploymentPostprocessing = 0;
		};
		A5A3455B20896B8D00E90911 /* Resources */ = {
			isa = PBXResourcesBuildPhase;
			buildActionMask = 2147483647;
			files = (
			);
			runOnlyForDeploymentPostprocessing = 0;
		};
/* End PBXResourcesBuildPhase section */

/* Begin PBXShellScriptBuildPhase section */
		1B3C29B2B26CC12F79D82E84 /* [CP] Check Pods Manifest.lock */ = {
			isa = PBXShellScriptBuildPhase;
			buildActionMask = 2147483647;
			files = (
			);
			inputPaths = (
				"${PODS_PODFILE_DIR_PATH}/Podfile.lock",
				"${PODS_ROOT}/Manifest.lock",
			);
			name = "[CP] Check Pods Manifest.lock";
			outputPaths = (
				"$(DERIVED_FILE_DIR)/Pods-Knight-checkManifestLockResult.txt",
			);
			runOnlyForDeploymentPostprocessing = 0;
			shellPath = /bin/sh;
			shellScript = "diff \"${PODS_PODFILE_DIR_PATH}/Podfile.lock\" \"${PODS_ROOT}/Manifest.lock\" > /dev/null\nif [ $? != 0 ] ; then\n    # print error to STDERR\n    echo \"error: The sandbox is not in sync with the Podfile.lock. Run 'pod install' or update your CocoaPods installation.\" >&2\n    exit 1\nfi\n# This output is used by Xcode 'outputs' to avoid re-running this script phase.\necho \"SUCCESS\" > \"${SCRIPT_OUTPUT_FILE_0}\"\n";
			showEnvVarsInLog = 0;
		};
		30B9B75AA4C162C20B57DFBA /* [CP] Embed Pods Frameworks */ = {
			isa = PBXShellScriptBuildPhase;
			buildActionMask = 2147483647;
			files = (
			);
			inputPaths = (
				"${SRCROOT}/Pods/Target Support Files/Pods-Knight/Pods-Knight-frameworks.sh",
				"${BUILT_PRODUCTS_DIR}/Magnet/Magnet.framework",
			);
			name = "[CP] Embed Pods Frameworks";
			outputPaths = (
				"${TARGET_BUILD_DIR}/${FRAMEWORKS_FOLDER_PATH}/Magnet.framework",
			);
			runOnlyForDeploymentPostprocessing = 0;
			shellPath = /bin/sh;
			shellScript = "\"${SRCROOT}/Pods/Target Support Files/Pods-Knight/Pods-Knight-frameworks.sh\"\n";
			showEnvVarsInLog = 0;
		};
/* End PBXShellScriptBuildPhase section */

/* Begin PBXSourcesBuildPhase section */
		A5A3453C20896B8D00E90911 /* Sources */ = {
			isa = PBXSourcesBuildPhase;
			buildActionMask = 2147483647;
			files = (
				A5A345732089E41500E90911 /* MainWindow.swift in Sources */,
				A5A3454620896B8D00E90911 /* ViewController.swift in Sources */,
				A5A345702089746100E90911 /* MainWindowController.swift in Sources */,
				A5A3454420896B8D00E90911 /* AppDelegate.swift in Sources */,
			);
			runOnlyForDeploymentPostprocessing = 0;
		};
		A5A3454E20896B8D00E90911 /* Sources */ = {
			isa = PBXSourcesBuildPhase;
			buildActionMask = 2147483647;
			files = (
				A5A3455720896B8D00E90911 /* KnightTests.swift in Sources */,
			);
			runOnlyForDeploymentPostprocessing = 0;
		};
		A5A3455920896B8D00E90911 /* Sources */ = {
			isa = PBXSourcesBuildPhase;
			buildActionMask = 2147483647;
			files = (
				A5A3456220896B8D00E90911 /* KnightUITests.swift in Sources */,
			);
			runOnlyForDeploymentPostprocessing = 0;
		};
/* End PBXSourcesBuildPhase section */

/* Begin PBXTargetDependency section */
		A5A3455420896B8D00E90911 /* PBXTargetDependency */ = {
			isa = PBXTargetDependency;
			target = A5A3453F20896B8D00E90911 /* Knight */;
			targetProxy = A5A3455320896B8D00E90911 /* PBXContainerItemProxy */;
		};
		A5A3455F20896B8D00E90911 /* PBXTargetDependency */ = {
			isa = PBXTargetDependency;
			target = A5A3453F20896B8D00E90911 /* Knight */;
			targetProxy = A5A3455E20896B8D00E90911 /* PBXContainerItemProxy */;
		};
/* End PBXTargetDependency section */

/* Begin PBXVariantGroup section */
		A5A3454920896B8D00E90911 /* Main.storyboard */ = {
			isa = PBXVariantGroup;
			children = (
				A5A3454A20896B8D00E90911 /* Base */,
			);
			name = Main.storyboard;
			sourceTree = "<group>";
		};
/* End PBXVariantGroup section */

/* Begin XCBuildConfiguration section */
		A5A3456420896B8D00E90911 /* Debug */ = {
			isa = XCBuildConfiguration;
			buildSettings = {
				ALWAYS_SEARCH_USER_PATHS = NO;
				CLANG_ANALYZER_NONNULL = YES;
				CLANG_ANALYZER_NUMBER_OBJECT_CONVERSION = YES_AGGRESSIVE;
				CLANG_CXX_LANGUAGE_STANDARD = "gnu++14";
				CLANG_CXX_LIBRARY = "libc++";
				CLANG_ENABLE_MODULES = YES;
				CLANG_ENABLE_OBJC_ARC = YES;
				CLANG_WARN_BLOCK_CAPTURE_AUTORELEASING = YES;
				CLANG_WARN_BOOL_CONVERSION = YES;
				CLANG_WARN_COMMA = YES;
				CLANG_WARN_CONSTANT_CONVERSION = YES;
				CLANG_WARN_DIRECT_OBJC_ISA_USAGE = YES_ERROR;
				CLANG_WARN_DOCUMENTATION_COMMENTS = YES;
				CLANG_WARN_EMPTY_BODY = YES;
				CLANG_WARN_ENUM_CONVERSION = YES;
				CLANG_WARN_INFINITE_RECURSION = YES;
				CLANG_WARN_INT_CONVERSION = YES;
				CLANG_WARN_NON_LITERAL_NULL_CONVERSION = YES;
				CLANG_WARN_OBJC_LITERAL_CONVERSION = YES;
				CLANG_WARN_OBJC_ROOT_CLASS = YES_ERROR;
				CLANG_WARN_RANGE_LOOP_ANALYSIS = YES;
				CLANG_WARN_STRICT_PROTOTYPES = YES;
				CLANG_WARN_SUSPICIOUS_MOVE = YES;
				CLANG_WARN_UNGUARDED_AVAILABILITY = YES_AGGRESSIVE;
				CLANG_WARN_UNREACHABLE_CODE = YES;
				CLANG_WARN__DUPLICATE_METHOD_MATCH = YES;
				CODE_SIGN_IDENTITY = "Mac Developer";
				COPY_PHASE_STRIP = NO;
				DEBUG_INFORMATION_FORMAT = dwarf;
				ENABLE_STRICT_OBJC_MSGSEND = YES;
				ENABLE_TESTABILITY = YES;
				GCC_C_LANGUAGE_STANDARD = gnu11;
				GCC_DYNAMIC_NO_PIC = NO;
				GCC_NO_COMMON_BLOCKS = YES;
				GCC_OPTIMIZATION_LEVEL = 0;
				GCC_PREPROCESSOR_DEFINITIONS = (
					"DEBUG=1",
					"$(inherited)",
				);
				GCC_WARN_64_TO_32_BIT_CONVERSION = YES;
				GCC_WARN_ABOUT_RETURN_TYPE = YES_ERROR;
				GCC_WARN_UNDECLARED_SELECTOR = YES;
				GCC_WARN_UNINITIALIZED_AUTOS = YES_AGGRESSIVE;
				GCC_WARN_UNUSED_FUNCTION = YES;
				GCC_WARN_UNUSED_VARIABLE = YES;
				MACOSX_DEPLOYMENT_TARGET = 10.13;
				MTL_ENABLE_DEBUG_INFO = YES;
				ONLY_ACTIVE_ARCH = YES;
				SDKROOT = macosx;
				SWIFT_ACTIVE_COMPILATION_CONDITIONS = DEBUG;
				SWIFT_OPTIMIZATION_LEVEL = "-Onone";
			};
			name = Debug;
		};
		A5A3456520896B8D00E90911 /* Release */ = {
			isa = XCBuildConfiguration;
			buildSettings = {
				ALWAYS_SEARCH_USER_PATHS = NO;
				CLANG_ANALYZER_NONNULL = YES;
				CLANG_ANALYZER_NUMBER_OBJECT_CONVERSION = YES_AGGRESSIVE;
				CLANG_CXX_LANGUAGE_STANDARD = "gnu++14";
				CLANG_CXX_LIBRARY = "libc++";
				CLANG_ENABLE_MODULES = YES;
				CLANG_ENABLE_OBJC_ARC = YES;
				CLANG_WARN_BLOCK_CAPTURE_AUTORELEASING = YES;
				CLANG_WARN_BOOL_CONVERSION = YES;
				CLANG_WARN_COMMA = YES;
				CLANG_WARN_CONSTANT_CONVERSION = YES;
				CLANG_WARN_DIRECT_OBJC_ISA_USAGE = YES_ERROR;
				CLANG_WARN_DOCUMENTATION_COMMENTS = YES;
				CLANG_WARN_EMPTY_BODY = YES;
				CLANG_WARN_ENUM_CONVERSION = YES;
				CLANG_WARN_INFINITE_RECURSION = YES;
				CLANG_WARN_INT_CONVERSION = YES;
				CLANG_WARN_NON_LITERAL_NULL_CONVERSION = YES;
				CLANG_WARN_OBJC_LITERAL_CONVERSION = YES;
				CLANG_WARN_OBJC_ROOT_CLASS = YES_ERROR;
				CLANG_WARN_RANGE_LOOP_ANALYSIS = YES;
				CLANG_WARN_STRICT_PROTOTYPES = YES;
				CLANG_WARN_SUSPICIOUS_MOVE = YES;
				CLANG_WARN_UNGUARDED_AVAILABILITY = YES_AGGRESSIVE;
				CLANG_WARN_UNREACHABLE_CODE = YES;
				CLANG_WARN__DUPLICATE_METHOD_MATCH = YES;
				CODE_SIGN_IDENTITY = "Mac Developer";
				COPY_PHASE_STRIP = NO;
				DEBUG_INFORMATION_FORMAT = "dwarf-with-dsym";
				ENABLE_NS_ASSERTIONS = NO;
				ENABLE_STRICT_OBJC_MSGSEND = YES;
				GCC_C_LANGUAGE_STANDARD = gnu11;
				GCC_NO_COMMON_BLOCKS = YES;
				GCC_WARN_64_TO_32_BIT_CONVERSION = YES;
				GCC_WARN_ABOUT_RETURN_TYPE = YES_ERROR;
				GCC_WARN_UNDECLARED_SELECTOR = YES;
				GCC_WARN_UNINITIALIZED_AUTOS = YES_AGGRESSIVE;
				GCC_WARN_UNUSED_FUNCTION = YES;
				GCC_WARN_UNUSED_VARIABLE = YES;
				MACOSX_DEPLOYMENT_TARGET = 10.13;
				MTL_ENABLE_DEBUG_INFO = NO;
				SDKROOT = macosx;
				SWIFT_OPTIMIZATION_LEVEL = "-Owholemodule";
			};
			name = Release;
		};
		A5A3456720896B8D00E90911 /* Debug */ = {
			isa = XCBuildConfiguration;
			baseConfigurationReference = 97DCFEDFA34AE5BFFBA1CBBF /* Pods-Knight.debug.xcconfig */;
			buildSettings = {
				ASSETCATALOG_COMPILER_APPICON_NAME = AppIcon;
				CODE_SIGN_ENTITLEMENTS = Knight/Knight.entitlements;
				CODE_SIGN_STYLE = Automatic;
				COMBINE_HIDPI_IMAGES = YES;
				DEVELOPMENT_TEAM = 74KM374FP9;
				INFOPLIST_FILE = Knight/Info.plist;
				LD_RUNPATH_SEARCH_PATHS = "$(inherited) @executable_path/../Frameworks";
				PRODUCT_BUNDLE_IDENTIFIER = com.alvinwan.Knight;
				PRODUCT_NAME = "$(TARGET_NAME)";
				SWIFT_VERSION = 4.0;
			};
			name = Debug;
		};
		A5A3456820896B8D00E90911 /* Release */ = {
			isa = XCBuildConfiguration;
			baseConfigurationReference = D0E333CA7793C8C2CDD3CAFC /* Pods-Knight.release.xcconfig */;
			buildSettings = {
				ASSETCATALOG_COMPILER_APPICON_NAME = AppIcon;
				CODE_SIGN_ENTITLEMENTS = Knight/Knight.entitlements;
				CODE_SIGN_STYLE = Automatic;
				COMBINE_HIDPI_IMAGES = YES;
				DEVELOPMENT_TEAM = 74KM374FP9;
				INFOPLIST_FILE = Knight/Info.plist;
				LD_RUNPATH_SEARCH_PATHS = "$(inherited) @executable_path/../Frameworks";
				PRODUCT_BUNDLE_IDENTIFIER = com.alvinwan.Knight;
				PRODUCT_NAME = "$(TARGET_NAME)";
				SWIFT_VERSION = 4.0;
			};
			name = Release;
		};
		A5A3456A20896B8D00E90911 /* Debug */ = {
			isa = XCBuildConfiguration;
			buildSettings = {
				ALWAYS_EMBED_SWIFT_STANDARD_LIBRARIES = YES;
				BUNDLE_LOADER = "$(TEST_HOST)";
				CODE_SIGN_STYLE = Automatic;
				COMBINE_HIDPI_IMAGES = YES;
				DEVELOPMENT_TEAM = 74KM374FP9;
				INFOPLIST_FILE = KnightTests/Info.plist;
				LD_RUNPATH_SEARCH_PATHS = "$(inherited) @executable_path/../Frameworks @loader_path/../Frameworks";
				PRODUCT_BUNDLE_IDENTIFIER = com.alvinwan.KnightTests;
				PRODUCT_NAME = "$(TARGET_NAME)";
				SWIFT_VERSION = 4.0;
				TEST_HOST = "$(BUILT_PRODUCTS_DIR)/Knight.app/Contents/MacOS/Knight";
			};
			name = Debug;
		};
		A5A3456B20896B8D00E90911 /* Release */ = {
			isa = XCBuildConfiguration;
			buildSettings = {
				ALWAYS_EMBED_SWIFT_STANDARD_LIBRARIES = YES;
				BUNDLE_LOADER = "$(TEST_HOST)";
				CODE_SIGN_STYLE = Automatic;
				COMBINE_HIDPI_IMAGES = YES;
				DEVELOPMENT_TEAM = 74KM374FP9;
				INFOPLIST_FILE = KnightTests/Info.plist;
				LD_RUNPATH_SEARCH_PATHS = "$(inherited) @executable_path/../Frameworks @loader_path/../Frameworks";
				PRODUCT_BUNDLE_IDENTIFIER = com.alvinwan.KnightTests;
				PRODUCT_NAME = "$(TARGET_NAME)";
				SWIFT_VERSION = 4.0;
				TEST_HOST = "$(BUILT_PRODUCTS_DIR)/Knight.app/Contents/MacOS/Knight";
			};
			name = Release;
		};
		A5A3456D20896B8D00E90911 /* Debug */ = {
			isa = XCBuildConfiguration;
			buildSettings = {
				ALWAYS_EMBED_SWIFT_STANDARD_LIBRARIES = YES;
				CODE_SIGN_STYLE = Automatic;
				COMBINE_HIDPI_IMAGES = YES;
				DEVELOPMENT_TEAM = 74KM374FP9;
				INFOPLIST_FILE = KnightUITests/Info.plist;
				LD_RUNPATH_SEARCH_PATHS = "$(inherited) @executable_path/../Frameworks @loader_path/../Frameworks";
				PRODUCT_BUNDLE_IDENTIFIER = com.alvinwan.KnightUITests;
				PRODUCT_NAME = "$(TARGET_NAME)";
				SWIFT_VERSION = 4.0;
				TEST_TARGET_NAME = Knight;
			};
			name = Debug;
		};
		A5A3456E20896B8D00E90911 /* Release */ = {
			isa = XCBuildConfiguration;
			buildSettings = {
				ALWAYS_EMBED_SWIFT_STANDARD_LIBRARIES = YES;
				CODE_SIGN_STYLE = Automatic;
				COMBINE_HIDPI_IMAGES = YES;
				DEVELOPMENT_TEAM = 74KM374FP9;
				INFOPLIST_FILE = KnightUITests/Info.plist;
				LD_RUNPATH_SEARCH_PATHS = "$(inherited) @executable_path/../Frameworks @loader_path/../Frameworks";
				PRODUCT_BUNDLE_IDENTIFIER = com.alvinwan.KnightUITests;
				PRODUCT_NAME = "$(TARGET_NAME)";
				SWIFT_VERSION = 4.0;
				TEST_TARGET_NAME = Knight;
			};
			name = Release;
		};
/* End XCBuildConfiguration section */

/* Begin XCConfigurationList section */
		A5A3453B20896B8D00E90911 /* Build configuration list for PBXProject "Knight" */ = {
			isa = XCConfigurationList;
			buildConfigurations = (
				A5A3456420896B8D00E90911 /* Debug */,
				A5A3456520896B8D00E90911 /* Release */,
			);
			defaultConfigurationIsVisible = 0;
			defaultConfigurationName = Release;
		};
		A5A3456620896B8D00E90911 /* Build configuration list for PBXNativeTarget "Knight" */ = {
			isa = XCConfigurationList;
			buildConfigurations = (
				A5A3456720896B8D00E90911 /* Debug */,
				A5A3456820896B8D00E90911 /* Release */,
			);
			defaultConfigurationIsVisible = 0;
			defaultConfigurationName = Release;
		};
		A5A3456920896B8D00E90911 /* Build configuration list for PBXNativeTarget "KnightTests" */ = {
			isa = XCConfigurationList;
			buildConfigurations = (
				A5A3456A20896B8D00E90911 /* Debug */,
				A5A3456B20896B8D00E90911 /* Release */,
			);
			defaultConfigurationIsVisible = 0;
			defaultConfigurationName = Release;
		};
		A5A3456C20896B8D00E90911 /* Build configuration list for PBXNativeTarget "KnightUITests" */ = {
			isa = XCConfigurationList;
			buildConfigurations = (
				A5A3456D20896B8D00E90911 /* Debug */,
				A5A3456E20896B8D00E90911 /* Release */,
			);
			defaultConfigurationIsVisible = 0;
			defaultConfigurationName = Release;
		};
/* End XCConfigurationList section */
	};
	rootObject = A5A3453820896B8D00E90911 /* Project object */;
}
